
Microsoft Visual Studio Solution File, Format Version 12.00
# Visual Studio Version 16
VisualStudioVersion = 16.0.29709.97
MinimumVisualStudioVersion = 10.0.40219.1
Project("{FAE04EC0-301F-11D3-BF4B-00C04F79EFBC}") = "Hangman", "Hangman\Hangman.csproj", "{73008049-DDFD-494B-95E9-3CD7999A9737}"
EndProject
Global
	GlobalSection(SolutionConfigurationPlatforms) = preSolution
		Debug|Any CPU = Debug|Any CPU
		Release|Any CPU = Release|Any CPU
	EndGlobalSection
	GlobalSection(ProjectConfigurationPlatforms) = postSolution
		{73008049-DDFD-494B-95E9-3CD7999A9737}.Debug|Any CPU.ActiveCfg = Debug|Any CPU
		{73008049-DDFD-494B-95E9-3CD7999A9737}.Debug|Any CPU.Build.0 = Debug|Any CPU
		{73008049-DDFD-494B-95E9-3CD7999A9737}.Release|Any CPU.ActiveCfg = Release|Any CPU
		{73008049-DDFD-494B-95E9-3CD7999A9737}.Release|Any CPU.Build.0 = Release|Any CPU
	EndGlobalSection
	GlobalSection(SolutionProperties) = preSolution
		HideSolutionNode = FALSE
	EndGlobalSection
	GlobalSection(ExtensibilityGlobals) = postSolution
		SolutionGuid = {359221B3-C31A-4FD7-BFF5-CA96D8089E33}
	EndGlobalSection
EndGlobal
